<?xml version="1.0" encoding="UTF-8" standalone="yes" ?>
<CodeBlocks_project_file>
	<FileVersion major="1" minor="6" />
	<Project>
		<Option title="Coeff_analysis" />
		<Option pch_mode="2" />
		<Option compiler="gcc" />
		<Build>
			<Target title="Debug">
				<Option output="bin/Debug/Coeff_analysis" prefix_auto="1" extension_auto="1" />
				<Option object_output="obj/Debug/" />
				<Option type="1" />
				<Option compiler="gcc" />
				<Compiler>
					<Add option="-g" />
				</Compiler>
			</Target>
			<Target title="Release">
				<Option output="bin/Release/Coeff_analysis" prefix_auto="1" extension_auto="1" />
				<Option object_output="obj/Release/" />
				<Option type="1" />
				<Option compiler="gcc" />
				<Compiler>
					<Add option="-O2" />
				</Compiler>
				<Linker>
					<Add option="-s" />
				</Linker>
			</Target>
		</Build>
		<Compiler>
			<Add option="-Wall" />
		</Compiler>
		<Unit filename="Approximation.cpp" />
		<Unit filename="Approximation.h" />
		<Unit filename="DifEq_Calc.cpp" />
		<Unit filename="DifEq_Calc.h" />
		<Unit filename="FFT.cpp" />
		<Unit filename="FFT.h" />
		<Unit filename="Matrix.cpp" />
		<Unit filename="Matrix.h" />
		<Unit filename="Osc_Class.cpp" />
		<Unit filename="Osc_Class.h" />
		<Unit filename="Polynom.h" />
		<Unit filename="equation_num.cpp" />
		<Unit filename="equation_num.h" />
		<Unit filename="main.cpp" />
		<Unit filename="manager.cpp" />
		<Unit filename="manager.h" />
		<Unit filename="my_timer.h" />
		<Unit filename="osc.cpp" />
		<Unit filename="osc.h" />
		<Extensions>
			<lib_finder disable_auto="1" />
		</Extensions>
	</Project>
</CodeBlocks_project_file>
